
Microsoft Visual Studio Solution File, Format Version 12.00
# Visual Studio Version 17
VisualStudioVersion = 17.0.31903.59
MinimumVisualStudioVersion = 10.0.40219.1
Project("{2150E333-8FDC-42A3-9474-1A3956D46DE8}") = "backend", "backend", "{1AE8ACA6-933B-BF2A-3671-3E2EAC007D16}"
EndProject
Project("{FAE04EC0-301F-11D3-BF4B-00C04F79EFBC}") = "SistemaEmissaoNF.Estoque.Api", "backend\SistemaEmissaoNF.Estoque.Api\SistemaEmissaoNF.Estoque.Api.csproj", "{3994FD3A-9F20-4C00-B898-9C918C9C6C67}"
EndProject
Project("{FAE04EC0-301F-11D3-BF4B-00C04F79EFBC}") = "SistemaEmissaoNF.Estoque.Application", "backend\SistemaEmissaoNF.Estoque.Application\SistemaEmissaoNF.Estoque.Application.csproj", "{70AA7B82-622D-40BF-858F-0778D1C943E4}"
EndProject
Project("{FAE04EC0-301F-11D3-BF4B-00C04F79EFBC}") = "SistemaEmissaoNF.Estoque.Domain", "backend\SistemaEmissaoNF.Estoque.Domain\SistemaEmissaoNF.Estoque.Domain.csproj", "{06756FE6-C14B-4046-9ECB-022C0464FDF5}"
EndProject
Project("{FAE04EC0-301F-11D3-BF4B-00C04F79EFBC}") = "SistemaEmissaoNF.Estoque.Infrastructure", "backend\SistemaEmissaoNF.Estoque.Infrastructure\SistemaEmissaoNF.Estoque.Infrastructure.csproj", "{1B655410-688F-49F0-BC00-396C3A6E107F}"
EndProject
Project("{FAE04EC0-301F-11D3-BF4B-00C04F79EFBC}") = "SistemaEmissaoNF.Estoque.Tests", "backend\SistemaEmissaoNF.Estoque.Tests\SistemaEmissaoNF.Estoque.Tests.csproj", "{EA7B1708-84EC-4469-88A1-B4D96BB87032}"
EndProject
Project("{FAE04EC0-301F-11D3-BF4B-00C04F79EFBC}") = "SistemaEmissaoNF.Faturamento.Api", "backend\SistemaEmissaoNF.Faturamento.Api\SistemaEmissaoNF.Faturamento.Api.csproj", "{6DAB763D-1C42-4CB0-A8D2-226364E87140}"
EndProject
Project("{FAE04EC0-301F-11D3-BF4B-00C04F79EFBC}") = "SistemaEmissaoNF.Faturamento.Application", "backend\SistemaEmissaoNF.Faturamento.Application\SistemaEmissaoNF.Faturamento.Application.csproj", "{BEBAD1CB-ED71-48A8-B9D5-59A3B0BFCEE0}"
EndProject
Project("{FAE04EC0-301F-11D3-BF4B-00C04F79EFBC}") = "SistemaEmissaoNF.Faturamento.Domain", "backend\SistemaEmissaoNF.Faturamento.Domain\SistemaEmissaoNF.Faturamento.Domain.csproj", "{908D2F2A-FE42-47E7-9FBD-3AB647CD610C}"
EndProject
Project("{FAE04EC0-301F-11D3-BF4B-00C04F79EFBC}") = "SistemaEmissaoNF.Faturamento.Infrastructure", "backend\SistemaEmissaoNF.Faturamento.Infrastructure\SistemaEmissaoNF.Faturamento.Infrastructure.csproj", "{B98198DE-EFF0-4351-935E-E6D50E6B5C64}"
EndProject
Project("{FAE04EC0-301F-11D3-BF4B-00C04F79EFBC}") = "SistemaEmissaoNF.Faturamento.Tests", "backend\SistemaEmissaoNF.Faturamento.Tests\SistemaEmissaoNF.Faturamento.Tests.csproj", "{2BF4AD0B-80A3-42A6-89E2-6071F6F97A7E}"
EndProject
Project("{FAE04EC0-301F-11D3-BF4B-00C04F79EFBC}") = "SistemaEmissaoNF.Faturamento.Worker", "backend\SistemaEmissaoNF.Faturamento.Worker\SistemaEmissaoNF.Faturamento.Worker.csproj", "{E923CBA8-22AA-4BBE-A956-2EA40BDF9854}"
EndProject
Global
	GlobalSection(SolutionConfigurationPlatforms) = preSolution
		Debug|Any CPU = Debug|Any CPU
		Debug|x64 = Debug|x64
		Debug|x86 = Debug|x86
		Release|Any CPU = Release|Any CPU
		Release|x64 = Release|x64
		Release|x86 = Release|x86
	EndGlobalSection
	GlobalSection(ProjectConfigurationPlatforms) = postSolution
		{3994FD3A-9F20-4C00-B898-9C918C9C6C67}.Debug|Any CPU.ActiveCfg = Debug|Any CPU
		{3994FD3A-9F20-4C00-B898-9C918C9C6C67}.Debug|Any CPU.Build.0 = Debug|Any CPU
		{3994FD3A-9F20-4C00-B898-9C918C9C6C67}.Debug|x64.ActiveCfg = Debug|Any CPU
		{3994FD3A-9F20-4C00-B898-9C918C9C6C67}.Debug|x64.Build.0 = Debug|Any CPU
		{3994FD3A-9F20-4C00-B898-9C918C9C6C67}.Debug|x86.ActiveCfg = Debug|Any CPU
		{3994FD3A-9F20-4C00-B898-9C918C9C6C67}.Debug|x86.Build.0 = Debug|Any CPU
		{3994FD3A-9F20-4C00-B898-9C918C9C6C67}.Release|Any CPU.ActiveCfg = Release|Any CPU
		{3994FD3A-9F20-4C00-B898-9C918C9C6C67}.Release|Any CPU.Build.0 = Release|Any CPU
		{3994FD3A-9F20-4C00-B898-9C918C9C6C67}.Release|x64.ActiveCfg = Release|Any CPU
		{3994FD3A-9F20-4C00-B898-9C918C9C6C67}.Release|x64.Build.0 = Release|Any CPU
		{3994FD3A-9F20-4C00-B898-9C918C9C6C67}.Release|x86.ActiveCfg = Release|Any CPU
		{3994FD3A-9F20-4C00-B898-9C918C9C6C67}.Release|x86.Build.0 = Release|Any CPU
		{70AA7B82-622D-40BF-858F-0778D1C943E4}.Debug|Any CPU.ActiveCfg = Debug|Any CPU
		{70AA7B82-622D-40BF-858F-0778D1C943E4}.Debug|Any CPU.Build.0 = Debug|Any CPU
		{70AA7B82-622D-40BF-858F-0778D1C943E4}.Debug|x64.ActiveCfg = Debug|Any CPU
		{70AA7B82-622D-40BF-858F-0778D1C943E4}.Debug|x64.Build.0 = Debug|Any CPU
		{70AA7B82-622D-40BF-858F-0778D1C943E4}.Debug|x86.ActiveCfg = Debug|Any CPU
		{70AA7B82-622D-40BF-858F-0778D1C943E4}.Debug|x86.Build.0 = Debug|Any CPU
		{70AA7B82-622D-40BF-858F-0778D1C943E4}.Release|Any CPU.ActiveCfg = Release|Any CPU
		{70AA7B82-622D-40BF-858F-0778D1C943E4}.Release|Any CPU.Build.0 = Release|Any CPU
		{70AA7B82-622D-40BF-858F-0778D1C943E4}.Release|x64.ActiveCfg = Release|Any CPU
		{70AA7B82-622D-40BF-858F-0778D1C943E4}.Release|x64.Build.0 = Release|Any CPU
		{70AA7B82-622D-40BF-858F-0778D1C943E4}.Release|x86.ActiveCfg = Release|Any CPU
		{70AA7B82-622D-40BF-858F-0778D1C943E4}.Release|x86.Build.0 = Release|Any CPU
		{06756FE6-C14B-4046-9ECB-022C0464FDF5}.Debug|Any CPU.ActiveCfg = Debug|Any CPU
		{06756FE6-C14B-4046-9ECB-022C0464FDF5}.Debug|Any CPU.Build.0 = Debug|Any CPU
		{06756FE6-C14B-4046-9ECB-022C0464FDF5}.Debug|x64.ActiveCfg = Debug|Any CPU
		{06756FE6-C14B-4046-9ECB-022C0464FDF5}.Debug|x64.Build.0 = Debug|Any CPU
		{06756FE6-C14B-4046-9ECB-022C0464FDF5}.Debug|x86.ActiveCfg = Debug|Any CPU
		{06756FE6-C14B-4046-9ECB-022C0464FDF5}.Debug|x86.Build.0 = Debug|Any CPU
		{06756FE6-C14B-4046-9ECB-022C0464FDF5}.Release|Any CPU.ActiveCfg = Release|Any CPU
		{06756FE6-C14B-4046-9ECB-022C0464FDF5}.Release|Any CPU.Build.0 = Release|Any CPU
		{06756FE6-C14B-4046-9ECB-022C0464FDF5}.Release|x64.ActiveCfg = Release|Any CPU
		{06756FE6-C14B-4046-9ECB-022C0464FDF5}.Release|x64.Build.0 = Release|Any CPU
		{06756FE6-C14B-4046-9ECB-022C0464FDF5}.Release|x86.ActiveCfg = Release|Any CPU
		{06756FE6-C14B-4046-9ECB-022C0464FDF5}.Release|x86.Build.0 = Release|Any CPU
		{1B655410-688F-49F0-BC00-396C3A6E107F}.Debug|Any CPU.ActiveCfg = Debug|Any CPU
		{1B655410-688F-49F0-BC00-396C3A6E107F}.Debug|Any CPU.Build.0 = Debug|Any CPU
		{1B655410-688F-49F0-BC00-396C3A6E107F}.Debug|x64.ActiveCfg = Debug|Any CPU
		{1B655410-688F-49F0-BC00-396C3A6E107F}.Debug|x64.Build.0 = Debug|Any CPU
		{1B655410-688F-49F0-BC00-396C3A6E107F}.Debug|x86.ActiveCfg = Debug|Any CPU
		{1B655410-688F-49F0-BC00-396C3A6E107F}.Debug|x86.Build.0 = Debug|Any CPU
		{1B655410-688F-49F0-BC00-396C3A6E107F}.Release|Any CPU.ActiveCfg = Release|Any CPU
		{1B655410-688F-49F0-BC00-396C3A6E107F}.Release|Any CPU.Build.0 = Release|Any CPU
		{1B655410-688F-49F0-BC00-396C3A6E107F}.Release|x64.ActiveCfg = Release|Any CPU
		{1B655410-688F-49F0-BC00-396C3A6E107F}.Release|x64.Build.0 = Release|Any CPU
		{1B655410-688F-49F0-BC00-396C3A6E107F}.Release|x86.ActiveCfg = Release|Any CPU
		{1B655410-688F-49F0-BC00-396C3A6E107F}.Release|x86.Build.0 = Release|Any CPU
		{EA7B1708-84EC-4469-88A1-B4D96BB87032}.Debug|Any CPU.ActiveCfg = Debug|Any CPU
		{EA7B1708-84EC-4469-88A1-B4D96BB87032}.Debug|Any CPU.Build.0 = Debug|Any CPU
		{EA7B1708-84EC-4469-88A1-B4D96BB87032}.Debug|x64.ActiveCfg = Debug|Any CPU
		{EA7B1708-84EC-4469-88A1-B4D96BB87032}.Debug|x64.Build.0 = Debug|Any CPU
		{EA7B1708-84EC-4469-88A1-B4D96BB87032}.Debug|x86.ActiveCfg = Debug|Any CPU
		{EA7B1708-84EC-4469-88A1-B4D96BB87032}.Debug|x86.Build.0 = Debug|Any CPU
		{EA7B1708-84EC-4469-88A1-B4D96BB87032}.Release|Any CPU.ActiveCfg = Release|Any CPU
		{EA7B1708-84EC-4469-88A1-B4D96BB87032}.Release|Any CPU.Build.0 = Release|Any CPU
		{EA7B1708-84EC-4469-88A1-B4D96BB87032}.Release|x64.ActiveCfg = Release|Any CPU
		{EA7B1708-84EC-4469-88A1-B4D96BB87032}.Release|x64.Build.0 = Release|Any CPU
		{EA7B1708-84EC-4469-88A1-B4D96BB87032}.Release|x86.ActiveCfg = Release|Any CPU
		{EA7B1708-84EC-4469-88A1-B4D96BB87032}.Release|x86.Build.0 = Release|Any CPU
		{6DAB763D-1C42-4CB0-A8D2-226364E87140}.Debug|Any CPU.ActiveCfg = Debug|Any CPU
		{6DAB763D-1C42-4CB0-A8D2-226364E87140}.Debug|Any CPU.Build.0 = Debug|Any CPU
		{6DAB763D-1C42-4CB0-A8D2-226364E87140}.Debug|x64.ActiveCfg = Debug|Any CPU
		{6DAB763D-1C42-4CB0-A8D2-226364E87140}.Debug|x64.Build.0 = Debug|Any CPU
		{6DAB763D-1C42-4CB0-A8D2-226364E87140}.Debug|x86.ActiveCfg = Debug|Any CPU
		{6DAB763D-1C42-4CB0-A8D2-226364E87140}.Debug|x86.Build.0 = Debug|Any CPU
		{6DAB763D-1C42-4CB0-A8D2-226364E87140}.Release|Any CPU.ActiveCfg = Release|Any CPU
		{6DAB763D-1C42-4CB0-A8D2-226364E87140}.Release|Any CPU.Build.0 = Release|Any CPU
		{6DAB763D-1C42-4CB0-A8D2-226364E87140}.Release|x64.ActiveCfg = Release|Any CPU
		{6DAB763D-1C42-4CB0-A8D2-226364E87140}.Release|x64.Build.0 = Release|Any CPU
		{6DAB763D-1C42-4CB0-A8D2-226364E87140}.Release|x86.ActiveCfg = Release|Any CPU
		{6DAB763D-1C42-4CB0-A8D2-226364E87140}.Release|x86.Build.0 = Release|Any CPU
		{BEBAD1CB-ED71-48A8-B9D5-59A3B0BFCEE0}.Debug|Any CPU.ActiveCfg = Debug|Any CPU
		{BEBAD1CB-ED71-48A8-B9D5-59A3B0BFCEE0}.Debug|Any CPU.Build.0 = Debug|Any CPU
		{BEBAD1CB-ED71-48A8-B9D5-59A3B0BFCEE0}.Debug|x64.ActiveCfg = Debug|Any CPU
		{BEBAD1CB-ED71-48A8-B9D5-59A3B0BFCEE0}.Debug|x64.Build.0 = Debug|Any CPU
		{BEBAD1CB-ED71-48A8-B9D5-59A3B0BFCEE0}.Debug|x86.ActiveCfg = Debug|Any CPU
		{BEBAD1CB-ED71-48A8-B9D5-59A3B0BFCEE0}.Debug|x86.Build.0 = Debug|Any CPU
		{BEBAD1CB-ED71-48A8-B9D5-59A3B0BFCEE0}.Release|Any CPU.ActiveCfg = Release|Any CPU
		{BEBAD1CB-ED71-48A8-B9D5-59A3B0BFCEE0}.Release|Any CPU.Build.0 = Release|Any CPU
		{BEBAD1CB-ED71-48A8-B9D5-59A3B0BFCEE0}.Release|x64.ActiveCfg = Release|Any CPU
		{BEBAD1CB-ED71-48A8-B9D5-59A3B0BFCEE0}.Release|x64.Build.0 = Release|Any CPU
		{BEBAD1CB-ED71-48A8-B9D5-59A3B0BFCEE0}.Release|x86.ActiveCfg = Release|Any CPU
		{BEBAD1CB-ED71-48A8-B9D5-59A3B0BFCEE0}.Release|x86.Build.0 = Release|Any CPU
		{908D2F2A-FE42-47E7-9FBD-3AB647CD610C}.Debug|Any CPU.ActiveCfg = Debug|Any CPU
		{908D2F2A-FE42-47E7-9FBD-3AB647CD610C}.Debug|Any CPU.Build.0 = Debug|Any CPU
		{908D2F2A-FE42-47E7-9FBD-3AB647CD610C}.Debug|x64.ActiveCfg = Debug|Any CPU
		{908D2F2A-FE42-47E7-9FBD-3AB647CD610C}.Debug|x64.Build.0 = Debug|Any CPU
		{908D2F2A-FE42-47E7-9FBD-3AB647CD610C}.Debug|x86.ActiveCfg = Debug|Any CPU
		{908D2F2A-FE42-47E7-9FBD-3AB647CD610C}.Debug|x86.Build.0 = Debug|Any CPU
		{908D2F2A-FE42-47E7-9FBD-3AB647CD610C}.Release|Any CPU.ActiveCfg = Release|Any CPU
		{908D2F2A-FE42-47E7-9FBD-3AB647CD610C}.Release|Any CPU.Build.0 = Release|Any CPU
		{908D2F2A-FE42-47E7-9FBD-3AB647CD610C}.Release|x64.ActiveCfg = Release|Any CPU
		{908D2F2A-FE42-47E7-9FBD-3AB647CD610C}.Release|x64.Build.0 = Release|Any CPU
		{908D2F2A-FE42-47E7-9FBD-3AB647CD610C}.Release|x86.ActiveCfg = Release|Any CPU
		{908D2F2A-FE42-47E7-9FBD-3AB647CD610C}.Release|x86.Build.0 = Release|Any CPU
		{B98198DE-EFF0-4351-935E-E6D50E6B5C64}.Debug|Any CPU.ActiveCfg = Debug|Any CPU
		{B98198DE-EFF0-4351-935E-E6D50E6B5C64}.Debug|Any CPU.Build.0 = Debug|Any CPU
		{B98198DE-EFF0-4351-935E-E6D50E6B5C64}.Debug|x64.ActiveCfg = Debug|Any CPU
		{B98198DE-EFF0-4351-935E-E6D50E6B5C64}.Debug|x64.Build.0 = Debug|Any CPU
		{B98198DE-EFF0-4351-935E-E6D50E6B5C64}.Debug|x86.ActiveCfg = Debug|Any CPU
		{B98198DE-EFF0-4351-935E-E6D50E6B5C64}.Debug|x86.Build.0 = Debug|Any CPU
		{B98198DE-EFF0-4351-935E-E6D50E6B5C64}.Release|Any CPU.ActiveCfg = Release|Any CPU
		{B98198DE-EFF0-4351-935E-E6D50E6B5C64}.Release|Any CPU.Build.0 = Release|Any CPU
		{B98198DE-EFF0-4351-935E-E6D50E6B5C64}.Release|x64.ActiveCfg = Release|Any CPU
		{B98198DE-EFF0-4351-935E-E6D50E6B5C64}.Release|x64.Build.0 = Release|Any CPU
		{B98198DE-EFF0-4351-935E-E6D50E6B5C64}.Release|x86.ActiveCfg = Release|Any CPU
		{B98198DE-EFF0-4351-935E-E6D50E6B5C64}.Release|x86.Build.0 = Release|Any CPU
		{2BF4AD0B-80A3-42A6-89E2-6071F6F97A7E}.Debug|Any CPU.ActiveCfg = Debug|Any CPU
		{2BF4AD0B-80A3-42A6-89E2-6071F6F97A7E}.Debug|Any CPU.Build.0 = Debug|Any CPU
		{2BF4AD0B-80A3-42A6-89E2-6071F6F97A7E}.Debug|x64.ActiveCfg = Debug|Any CPU
		{2BF4AD0B-80A3-42A6-89E2-6071F6F97A7E}.Debug|x64.Build.0 = Debug|Any CPU
		{2BF4AD0B-80A3-42A6-89E2-6071F6F97A7E}.Debug|x86.ActiveCfg = Debug|Any CPU
		{2BF4AD0B-80A3-42A6-89E2-6071F6F97A7E}.Debug|x86.Build.0 = Debug|Any CPU
		{2BF4AD0B-80A3-42A6-89E2-6071F6F97A7E}.Release|Any CPU.ActiveCfg = Release|Any CPU
		{2BF4AD0B-80A3-42A6-89E2-6071F6F97A7E}.Release|Any CPU.Build.0 = Release|Any CPU
		{2BF4AD0B-80A3-42A6-89E2-6071F6F97A7E}.Release|x64.ActiveCfg = Release|Any CPU
		{2BF4AD0B-80A3-42A6-89E2-6071F6F97A7E}.Release|x64.Build.0 = Release|Any CPU
		{2BF4AD0B-80A3-42A6-89E2-6071F6F97A7E}.Release|x86.ActiveCfg = Release|Any CPU
		{2BF4AD0B-80A3-42A6-89E2-6071F6F97A7E}.Release|x86.Build.0 = Release|Any CPU
		{E923CBA8-22AA-4BBE-A956-2EA40BDF9854}.Debug|Any CPU.ActiveCfg = Debug|Any CPU
		{E923CBA8-22AA-4BBE-A956-2EA40BDF9854}.Debug|Any CPU.Build.0 = Debug|Any CPU
		{E923CBA8-22AA-4BBE-A956-2EA40BDF9854}.Debug|x64.ActiveCfg = Debug|Any CPU
		{E923CBA8-22AA-4BBE-A956-2EA40BDF9854}.Debug|x64.Build.0 = Debug|Any CPU
		{E923CBA8-22AA-4BBE-A956-2EA40BDF9854}.Debug|x86.ActiveCfg = Debug|Any CPU
		{E923CBA8-22AA-4BBE-A956-2EA40BDF9854}.Debug|x86.Build.0 = Debug|Any CPU
		{E923CBA8-22AA-4BBE-A956-2EA40BDF9854}.Release|Any CPU.ActiveCfg = Release|Any CPU
		{E923CBA8-22AA-4BBE-A956-2EA40BDF9854}.Release|Any CPU.Build.0 = Release|Any CPU
		{E923CBA8-22AA-4BBE-A956-2EA40BDF9854}.Release|x64.ActiveCfg = Release|Any CPU
		{E923CBA8-22AA-4BBE-A956-2EA40BDF9854}.Release|x64.Build.0 = Release|Any CPU
		{E923CBA8-22AA-4BBE-A956-2EA40BDF9854}.Release|x86.ActiveCfg = Release|Any CPU
		{E923CBA8-22AA-4BBE-A956-2EA40BDF9854}.Release|x86.Build.0 = Release|Any CPU
	EndGlobalSection
	GlobalSection(SolutionProperties) = preSolution
		HideSolutionNode = FALSE
	EndGlobalSection
	GlobalSection(NestedProjects) = preSolution
		{3994FD3A-9F20-4C00-B898-9C918C9C6C67} = {1AE8ACA6-933B-BF2A-3671-3E2EAC007D16}
		{70AA7B82-622D-40BF-858F-0778D1C943E4} = {1AE8ACA6-933B-BF2A-3671-3E2EAC007D16}
		{06756FE6-C14B-4046-9ECB-022C0464FDF5} = {1AE8ACA6-933B-BF2A-3671-3E2EAC007D16}
		{1B655410-688F-49F0-BC00-396C3A6E107F} = {1AE8ACA6-933B-BF2A-3671-3E2EAC007D16}
		{EA7B1708-84EC-4469-88A1-B4D96BB87032} = {1AE8ACA6-933B-BF2A-3671-3E2EAC007D16}
		{6DAB763D-1C42-4CB0-A8D2-226364E87140} = {1AE8ACA6-933B-BF2A-3671-3E2EAC007D16}
		{BEBAD1CB-ED71-48A8-B9D5-59A3B0BFCEE0} = {1AE8ACA6-933B-BF2A-3671-3E2EAC007D16}
		{908D2F2A-FE42-47E7-9FBD-3AB647CD610C} = {1AE8ACA6-933B-BF2A-3671-3E2EAC007D16}
		{B98198DE-EFF0-4351-935E-E6D50E6B5C64} = {1AE8ACA6-933B-BF2A-3671-3E2EAC007D16}
		{2BF4AD0B-80A3-42A6-89E2-6071F6F97A7E} = {1AE8ACA6-933B-BF2A-3671-3E2EAC007D16}
		{E923CBA8-22AA-4BBE-A956-2EA40BDF9854} = {1AE8ACA6-933B-BF2A-3671-3E2EAC007D16}
	EndGlobalSection
EndGlobal
